
Microsoft Visual Studio Solution File, Format Version 12.00
# Visual Studio Version 16
VisualStudioVersion = 16.0.28803.352
MinimumVisualStudioVersion = 10.0.40219.1
Project("{2150E333-8FDC-42A3-9474-1A3956D46DE8}") = "1-web", "1-web", "{6F06E47E-5B2A-4B16-8311-925268640C31}"
EndProject
Project("{2150E333-8FDC-42A3-9474-1A3956D46DE8}") = "2-application", "2-application", "{DAF34627-C8B7-4A83-B4EA-39A700A34BA7}"
EndProject
Project("{2150E333-8FDC-42A3-9474-1A3956D46DE8}") = "3-domain", "3-domain", "{099EF1AA-7DE3-4B42-BE37-34176FFF6913}"
EndProject
Project("{2150E333-8FDC-42A3-9474-1A3956D46DE8}") = "4-infra", "4-infra", "{B128FFD3-795D-4C81-A219-DD805B80C0B0}"
EndProject
Project("{2150E333-8FDC-42A3-9474-1A3956D46DE8}") = "5-common", "5-common", "{553B057C-5D0C-4C24-8E7B-93A7D7867D1E}"
EndProject
Project("{2150E333-8FDC-42A3-9474-1A3956D46DE8}") = "4.1-Data", "4.1-Data", "{0EBAF809-8500-4810-8A8C-6889A044FFE4}"
EndProject
Project("{2150E333-8FDC-42A3-9474-1A3956D46DE8}") = "4.2-CrossCutting", "4.2-CrossCutting", "{462B3042-7D1A-4265-8561-B6C093B90CDF}"
EndProject
Project("{9A19103F-16F7-4668-BE54-9A1E7A4F7556}") = "Teste.Application", "Teste.Application\Teste.Application.csproj", "{7713A7A9-0A54-4785-AC80-A3C4AE39A13C}"
EndProject
Project("{9A19103F-16F7-4668-BE54-9A1E7A4F7556}") = "Teste.Domain", "Teste.Domain\Teste.Domain.csproj", "{B3F47DD5-74CE-4E8B-82B7-73D67FB1E229}"
EndProject
Project("{9A19103F-16F7-4668-BE54-9A1E7A4F7556}") = "Teste.Infra.Data", "Teste.Infra.Data\Teste.Infra.Data.csproj", "{1187B739-0810-474E-AC01-175438D0E7BA}"
EndProject
Project("{9A19103F-16F7-4668-BE54-9A1E7A4F7556}") = "Teste.Infra.CrossCutting.Ioc", "Teste.Infra.CrossCutting.Ioc\Teste.Infra.CrossCutting.Ioc.csproj", "{D46480DF-E41F-4958-9FD1-94B74B13D613}"
EndProject
Project("{9A19103F-16F7-4668-BE54-9A1E7A4F7556}") = "Teste.Common", "Teste.Common\Teste.Common.csproj", "{6286C04A-2808-4A65-BE9D-BF19A4C176AD}"
EndProject
Project("{FAE04EC0-301F-11D3-BF4B-00C04F79EFBC}") = "Teste.API", "Teste.API\Teste.API.csproj", "{4DA981B4-47C3-4686-920B-13ECB0458F96}"
EndProject
Project("{FAE04EC0-301F-11D3-BF4B-00C04F79EFBC}") = "Teste.Web", "Teste.Web\Teste.Web.csproj", "{8A8F1E50-8694-4026-83C3-514C39F442DB}"
EndProject
Global
	GlobalSection(SolutionConfigurationPlatforms) = preSolution
		Debug|Any CPU = Debug|Any CPU
		Release|Any CPU = Release|Any CPU
	EndGlobalSection
	GlobalSection(ProjectConfigurationPlatforms) = postSolution
		{7713A7A9-0A54-4785-AC80-A3C4AE39A13C}.Debug|Any CPU.ActiveCfg = Debug|Any CPU
		{7713A7A9-0A54-4785-AC80-A3C4AE39A13C}.Debug|Any CPU.Build.0 = Debug|Any CPU
		{7713A7A9-0A54-4785-AC80-A3C4AE39A13C}.Release|Any CPU.ActiveCfg = Release|Any CPU
		{7713A7A9-0A54-4785-AC80-A3C4AE39A13C}.Release|Any CPU.Build.0 = Release|Any CPU
		{B3F47DD5-74CE-4E8B-82B7-73D67FB1E229}.Debug|Any CPU.ActiveCfg = Debug|Any CPU
		{B3F47DD5-74CE-4E8B-82B7-73D67FB1E229}.Debug|Any CPU.Build.0 = Debug|Any CPU
		{B3F47DD5-74CE-4E8B-82B7-73D67FB1E229}.Release|Any CPU.ActiveCfg = Release|Any CPU
		{B3F47DD5-74CE-4E8B-82B7-73D67FB1E229}.Release|Any CPU.Build.0 = Release|Any CPU
		{1187B739-0810-474E-AC01-175438D0E7BA}.Debug|Any CPU.ActiveCfg = Debug|Any CPU
		{1187B739-0810-474E-AC01-175438D0E7BA}.Debug|Any CPU.Build.0 = Debug|Any CPU
		{1187B739-0810-474E-AC01-175438D0E7BA}.Release|Any CPU.ActiveCfg = Release|Any CPU
		{1187B739-0810-474E-AC01-175438D0E7BA}.Release|Any CPU.Build.0 = Release|Any CPU
		{D46480DF-E41F-4958-9FD1-94B74B13D613}.Debug|Any CPU.ActiveCfg = Debug|Any CPU
		{D46480DF-E41F-4958-9FD1-94B74B13D613}.Debug|Any CPU.Build.0 = Debug|Any CPU
		{D46480DF-E41F-4958-9FD1-94B74B13D613}.Release|Any CPU.ActiveCfg = Release|Any CPU
		{D46480DF-E41F-4958-9FD1-94B74B13D613}.Release|Any CPU.Build.0 = Release|Any CPU
		{6286C04A-2808-4A65-BE9D-BF19A4C176AD}.Debug|Any CPU.ActiveCfg = Debug|Any CPU
		{6286C04A-2808-4A65-BE9D-BF19A4C176AD}.Debug|Any CPU.Build.0 = Debug|Any CPU
		{6286C04A-2808-4A65-BE9D-BF19A4C176AD}.Release|Any CPU.ActiveCfg = Release|Any CPU
		{6286C04A-2808-4A65-BE9D-BF19A4C176AD}.Release|Any CPU.Build.0 = Release|Any CPU
		{4DA981B4-47C3-4686-920B-13ECB0458F96}.Debug|Any CPU.ActiveCfg = Debug|Any CPU
		{4DA981B4-47C3-4686-920B-13ECB0458F96}.Debug|Any CPU.Build.0 = Debug|Any CPU
		{4DA981B4-47C3-4686-920B-13ECB0458F96}.Release|Any CPU.ActiveCfg = Release|Any CPU
		{4DA981B4-47C3-4686-920B-13ECB0458F96}.Release|Any CPU.Build.0 = Release|Any CPU
		{8A8F1E50-8694-4026-83C3-514C39F442DB}.Debug|Any CPU.ActiveCfg = Debug|Any CPU
		{8A8F1E50-8694-4026-83C3-514C39F442DB}.Debug|Any CPU.Build.0 = Debug|Any CPU
		{8A8F1E50-8694-4026-83C3-514C39F442DB}.Release|Any CPU.ActiveCfg = Release|Any CPU
		{8A8F1E50-8694-4026-83C3-514C39F442DB}.Release|Any CPU.Build.0 = Release|Any CPU
	EndGlobalSection
	GlobalSection(SolutionProperties) = preSolution
		HideSolutionNode = FALSE
	EndGlobalSection
	GlobalSection(NestedProjects) = preSolution
		{0EBAF809-8500-4810-8A8C-6889A044FFE4} = {B128FFD3-795D-4C81-A219-DD805B80C0B0}
		{462B3042-7D1A-4265-8561-B6C093B90CDF} = {B128FFD3-795D-4C81-A219-DD805B80C0B0}
		{7713A7A9-0A54-4785-AC80-A3C4AE39A13C} = {DAF34627-C8B7-4A83-B4EA-39A700A34BA7}
		{B3F47DD5-74CE-4E8B-82B7-73D67FB1E229} = {099EF1AA-7DE3-4B42-BE37-34176FFF6913}
		{1187B739-0810-474E-AC01-175438D0E7BA} = {0EBAF809-8500-4810-8A8C-6889A044FFE4}
		{D46480DF-E41F-4958-9FD1-94B74B13D613} = {462B3042-7D1A-4265-8561-B6C093B90CDF}
		{6286C04A-2808-4A65-BE9D-BF19A4C176AD} = {553B057C-5D0C-4C24-8E7B-93A7D7867D1E}
		{4DA981B4-47C3-4686-920B-13ECB0458F96} = {6F06E47E-5B2A-4B16-8311-925268640C31}
		{8A8F1E50-8694-4026-83C3-514C39F442DB} = {6F06E47E-5B2A-4B16-8311-925268640C31}
	EndGlobalSection
	GlobalSection(ExtensibilityGlobals) = postSolution
		SolutionGuid = {5FBD932A-17D9-4797-A6C3-8B6CD17BC70C}
	EndGlobalSection
EndGlobal
